// !$*UTF8*$!
{
	archiveVersion = 1;
	classes = {
	};
	objectVersion = 56;
	objects = {

/* Begin PBXBuildFile section */
		8308EACF2D0D5262007DE7FB /* swift_algorithms_data_structures.framework in Frameworks */ = {isa = PBXBuildFile; fileRef = 8308EAC62D0D5262007DE7FB /* swift_algorithms_data_structures.framework */; };
		8308EADF2D0D5289007DE7FB /* Stack.swift in Sources */ = {isa = PBXBuildFile; fileRef = 8308EADE2D0D5289007DE7FB /* Stack.swift */; };
		8308EAE12D0D529A007DE7FB /* StackTest.swift in Sources */ = {isa = PBXBuildFile; fileRef = 8308EAE02D0D529A007DE7FB /* StackTest.swift */; };
		830F31702D2638B70046A6C1 /* Array.swift in Sources */ = {isa = PBXBuildFile; fileRef = 830F316F2D2638B70046A6C1 /* Array.swift */; };
		830F31722D2638C60046A6C1 /* ArrayTest.swift in Sources */ = {isa = PBXBuildFile; fileRef = 830F31712D2638C60046A6C1 /* ArrayTest.swift */; };
		830F31782D26423E0046A6C1 /* ReverseString.swift in Sources */ = {isa = PBXBuildFile; fileRef = 830F31772D26423E0046A6C1 /* ReverseString.swift */; };
		830F317A2D26424D0046A6C1 /* ReverseStringTest.swift in Sources */ = {isa = PBXBuildFile; fileRef = 830F31792D26424D0046A6C1 /* ReverseStringTest.swift */; };
		830F317E2D268B0F0046A6C1 /* MergeSortedArrays.swift in Sources */ = {isa = PBXBuildFile; fileRef = 830F317D2D268B0F0046A6C1 /* MergeSortedArrays.swift */; };
		830F31802D268B1A0046A6C1 /* MergeSortedArraysTest.swift in Sources */ = {isa = PBXBuildFile; fileRef = 830F317F2D268B1A0046A6C1 /* MergeSortedArraysTest.swift */; };
		83AC74F72D13FF570070FFC1 /* LinkedList.swift in Sources */ = {isa = PBXBuildFile; fileRef = 83AC74F62D13FF570070FFC1 /* LinkedList.swift */; };
		83AC74F92D13FF840070FFC1 /* Node.swift in Sources */ = {isa = PBXBuildFile; fileRef = 83AC74F82D13FF840070FFC1 /* Node.swift */; };
		83AC74FB2D1401270070FFC1 /* LinkedListTest.swift in Sources */ = {isa = PBXBuildFile; fileRef = 83AC74FA2D1401270070FFC1 /* LinkedListTest.swift */; };
		83BBD64C2D0D63AD007DD730 /* BinaryTrees.swift in Sources */ = {isa = PBXBuildFile; fileRef = 83BBD64B2D0D63AD007DD730 /* BinaryTrees.swift */; };
		83BBD64E2D0D63D2007DD730 /* BinaryTreeTest.swift in Sources */ = {isa = PBXBuildFile; fileRef = 83BBD64D2D0D63D2007DD730 /* BinaryTreeTest.swift */; };
		83BBD6502D0DA250007DD730 /* BinarySearch.swift in Sources */ = {isa = PBXBuildFile; fileRef = 83BBD64F2D0DA250007DD730 /* BinarySearch.swift */; };
		83BBD6522D0DA4B6007DD730 /* BinarySearchTest.swift in Sources */ = {isa = PBXBuildFile; fileRef = 83BBD6512D0DA4B6007DD730 /* BinarySearchTest.swift */; };
/* End PBXBuildFile section */

/* Begin PBXContainerItemProxy section */
		8308EAD02D0D5262007DE7FB /* PBXContainerItemProxy */ = {
			isa = PBXContainerItemProxy;
			containerPortal = 8308EABD2D0D5262007DE7FB /* Project object */;
			proxyType = 1;
			remoteGlobalIDString = 8308EAC52D0D5262007DE7FB;
			remoteInfo = "swift-algorithms-data-structures";
		};
/* End PBXContainerItemProxy section */

/* Begin PBXFileReference section */
		8308EAC62D0D5262007DE7FB /* swift_algorithms_data_structures.framework */ = {isa = PBXFileReference; explicitFileType = wrapper.framework; includeInIndex = 0; path = swift_algorithms_data_structures.framework; sourceTree = BUILT_PRODUCTS_DIR; };
		8308EACE2D0D5262007DE7FB /* swift-algorithms-data-structuresTests.xctest */ = {isa = PBXFileReference; explicitFileType = wrapper.cfbundle; includeInIndex = 0; path = "swift-algorithms-data-structuresTests.xctest"; sourceTree = BUILT_PRODUCTS_DIR; };
		8308EADE2D0D5289007DE7FB /* Stack.swift */ = {isa = PBXFileReference; lastKnownFileType = sourcecode.swift; path = Stack.swift; sourceTree = "<group>"; };
		8308EAE02D0D529A007DE7FB /* StackTest.swift */ = {isa = PBXFileReference; lastKnownFileType = sourcecode.swift; path = StackTest.swift; sourceTree = "<group>"; };
		830F316F2D2638B70046A6C1 /* Array.swift */ = {isa = PBXFileReference; lastKnownFileType = sourcecode.swift; path = Array.swift; sourceTree = "<group>"; };
		830F31712D2638C60046A6C1 /* ArrayTest.swift */ = {isa = PBXFileReference; lastKnownFileType = sourcecode.swift; path = ArrayTest.swift; sourceTree = "<group>"; };
		830F31772D26423E0046A6C1 /* ReverseString.swift */ = {isa = PBXFileReference; lastKnownFileType = sourcecode.swift; path = ReverseString.swift; sourceTree = "<group>"; };
		830F31792D26424D0046A6C1 /* ReverseStringTest.swift */ = {isa = PBXFileReference; lastKnownFileType = sourcecode.swift; path = ReverseStringTest.swift; sourceTree = "<group>"; };
		830F317D2D268B0F0046A6C1 /* MergeSortedArrays.swift */ = {isa = PBXFileReference; lastKnownFileType = sourcecode.swift; path = MergeSortedArrays.swift; sourceTree = "<group>"; };
		830F317F2D268B1A0046A6C1 /* MergeSortedArraysTest.swift */ = {isa = PBXFileReference; lastKnownFileType = sourcecode.swift; path = MergeSortedArraysTest.swift; sourceTree = "<group>"; };
		83AC74F62D13FF570070FFC1 /* LinkedList.swift */ = {isa = PBXFileReference; lastKnownFileType = sourcecode.swift; path = LinkedList.swift; sourceTree = "<group>"; };
		83AC74F82D13FF840070FFC1 /* Node.swift */ = {isa = PBXFileReference; lastKnownFileType = sourcecode.swift; path = Node.swift; sourceTree = "<group>"; };
		83AC74FA2D1401270070FFC1 /* LinkedListTest.swift */ = {isa = PBXFileReference; lastKnownFileType = sourcecode.swift; path = LinkedListTest.swift; sourceTree = "<group>"; };
		83BBD64B2D0D63AD007DD730 /* BinaryTrees.swift */ = {isa = PBXFileReference; lastKnownFileType = sourcecode.swift; path = BinaryTrees.swift; sourceTree = "<group>"; };
		83BBD64D2D0D63D2007DD730 /* BinaryTreeTest.swift */ = {isa = PBXFileReference; lastKnownFileType = sourcecode.swift; path = BinaryTreeTest.swift; sourceTree = "<group>"; };
		83BBD64F2D0DA250007DD730 /* BinarySearch.swift */ = {isa = PBXFileReference; lastKnownFileType = sourcecode.swift; path = BinarySearch.swift; sourceTree = "<group>"; };
		83BBD6512D0DA4B6007DD730 /* BinarySearchTest.swift */ = {isa = PBXFileReference; lastKnownFileType = sourcecode.swift; path = BinarySearchTest.swift; sourceTree = "<group>"; };
/* End PBXFileReference section */

/* Begin PBXFrameworksBuildPhase section */
		8308EAC32D0D5262007DE7FB /* Frameworks */ = {
			isa = PBXFrameworksBuildPhase;
			buildActionMask = 2147483647;
			files = (
			);
			runOnlyForDeploymentPostprocessing = 0;
		};
		8308EACB2D0D5262007DE7FB /* Frameworks */ = {
			isa = PBXFrameworksBuildPhase;
			buildActionMask = 2147483647;
			files = (
				8308EACF2D0D5262007DE7FB /* swift_algorithms_data_structures.framework in Frameworks */,
			);
			runOnlyForDeploymentPostprocessing = 0;
		};
/* End PBXFrameworksBuildPhase section */

/* Begin PBXGroup section */
		8308EABC2D0D5262007DE7FB = {
			isa = PBXGroup;
			children = (
				8308EAC82D0D5262007DE7FB /* swift-algorithms-data-structures */,
				8308EAD22D0D5262007DE7FB /* swift-algorithms-data-structuresTests */,
				8308EAC72D0D5262007DE7FB /* Products */,
			);
			sourceTree = "<group>";
		};
		8308EAC72D0D5262007DE7FB /* Products */ = {
			isa = PBXGroup;
			children = (
				8308EAC62D0D5262007DE7FB /* swift_algorithms_data_structures.framework */,
				8308EACE2D0D5262007DE7FB /* swift-algorithms-data-structuresTests.xctest */,
			);
			name = Products;
			sourceTree = "<group>";
		};
		8308EAC82D0D5262007DE7FB /* swift-algorithms-data-structures */ = {
			isa = PBXGroup;
			children = (
				830F31732D2641EF0046A6C1 /* Learning */,
				830F31752D26420D0046A6C1 /* Exercise */,
				830F316E2D26389F0046A6C1 /* helper */,
			);
			path = "swift-algorithms-data-structures";
			sourceTree = "<group>";
		};
		8308EAD22D0D5262007DE7FB /* swift-algorithms-data-structuresTests */ = {
			isa = PBXGroup;
			children = (
				830F31742D2642010046A6C1 /* Learning */,
				830F31762D2642250046A6C1 /* Exercise */,
			);
			path = "swift-algorithms-data-structuresTests";
			sourceTree = "<group>";
		};
		830F316E2D26389F0046A6C1 /* helper */ = {
			isa = PBXGroup;
			children = (
				83AC74F82D13FF840070FFC1 /* Node.swift */,
			);
			path = helper;
			sourceTree = "<group>";
		};
		830F31732D2641EF0046A6C1 /* Learning */ = {
			isa = PBXGroup;
			children = (
				8308EADE2D0D5289007DE7FB /* Stack.swift */,
				83BBD64B2D0D63AD007DD730 /* BinaryTrees.swift */,
				83BBD64F2D0DA250007DD730 /* BinarySearch.swift */,
				83AC74F62D13FF570070FFC1 /* LinkedList.swift */,
				830F316F2D2638B70046A6C1 /* Array.swift */,
			);
			path = Learning;
			sourceTree = "<group>";
		};
		830F31742D2642010046A6C1 /* Learning */ = {
			isa = PBXGroup;
			children = (
				8308EAE02D0D529A007DE7FB /* StackTest.swift */,
				83BBD64D2D0D63D2007DD730 /* BinaryTreeTest.swift */,
				83BBD6512D0DA4B6007DD730 /* BinarySearchTest.swift */,
				83AC74FA2D1401270070FFC1 /* LinkedListTest.swift */,
				830F31712D2638C60046A6C1 /* ArrayTest.swift */,
			);
			path = Learning;
			sourceTree = "<group>";
		};
		830F31752D26420D0046A6C1 /* Exercise */ = {
			isa = PBXGroup;
			children = (
				830F317B2D268A8D0046A6C1 /* Arrays */,
			);
			path = Exercise;
			sourceTree = "<group>";
		};
		830F31762D2642250046A6C1 /* Exercise */ = {
			isa = PBXGroup;
			children = (
				830F317C2D268A970046A6C1 /* Arrays */,
			);
			path = Exercise;
			sourceTree = "<group>";
		};
		830F317B2D268A8D0046A6C1 /* Arrays */ = {
			isa = PBXGroup;
			children = (
				830F31772D26423E0046A6C1 /* ReverseString.swift */,
				830F317D2D268B0F0046A6C1 /* MergeSortedArrays.swift */,
			);
			path = Arrays;
			sourceTree = "<group>";
		};
		830F317C2D268A970046A6C1 /* Arrays */ = {
			isa = PBXGroup;
			children = (
				830F31792D26424D0046A6C1 /* ReverseStringTest.swift */,
				830F317F2D268B1A0046A6C1 /* MergeSortedArraysTest.swift */,
			);
			path = Arrays;
			sourceTree = "<group>";
		};
/* End PBXGroup section */

/* Begin PBXHeadersBuildPhase section */
		8308EAC12D0D5262007DE7FB /* Headers */ = {
			isa = PBXHeadersBuildPhase;
			buildActionMask = 2147483647;
			files = (
			);
			runOnlyForDeploymentPostprocessing = 0;
		};
/* End PBXHeadersBuildPhase section */

/* Begin PBXNativeTarget section */
		8308EAC52D0D5262007DE7FB /* swift-algorithms-data-structures */ = {
			isa = PBXNativeTarget;
			buildConfigurationList = 8308EAD82D0D5262007DE7FB /* Build configuration list for PBXNativeTarget "swift-algorithms-data-structures" */;
			buildPhases = (
				8308EAC12D0D5262007DE7FB /* Headers */,
				8308EAC22D0D5262007DE7FB /* Sources */,
				8308EAC32D0D5262007DE7FB /* Frameworks */,
				8308EAC42D0D5262007DE7FB /* Resources */,
			);
			buildRules = (
			);
			dependencies = (
			);
			name = "swift-algorithms-data-structures";
			productName = "swift-algorithms-data-structures";
			productReference = 8308EAC62D0D5262007DE7FB /* swift_algorithms_data_structures.framework */;
			productType = "com.apple.product-type.framework";
		};
		8308EACD2D0D5262007DE7FB /* swift-algorithms-data-structuresTests */ = {
			isa = PBXNativeTarget;
			buildConfigurationList = 8308EADB2D0D5262007DE7FB /* Build configuration list for PBXNativeTarget "swift-algorithms-data-structuresTests" */;
			buildPhases = (
				8308EACA2D0D5262007DE7FB /* Sources */,
				8308EACB2D0D5262007DE7FB /* Frameworks */,
				8308EACC2D0D5262007DE7FB /* Resources */,
			);
			buildRules = (
			);
			dependencies = (
				8308EAD12D0D5262007DE7FB /* PBXTargetDependency */,
			);
			name = "swift-algorithms-data-structuresTests";
			productName = "swift-algorithms-data-structuresTests";
			productReference = 8308EACE2D0D5262007DE7FB /* swift-algorithms-data-structuresTests.xctest */;
			productType = "com.apple.product-type.bundle.unit-test";
		};
/* End PBXNativeTarget section */

/* Begin PBXProject section */
		8308EABD2D0D5262007DE7FB /* Project object */ = {
			isa = PBXProject;
			attributes = {
				BuildIndependentTargetsInParallel = 1;
				LastSwiftUpdateCheck = 1500;
				LastUpgradeCheck = 1500;
				TargetAttributes = {
					8308EAC52D0D5262007DE7FB = {
						CreatedOnToolsVersion = 15.0;
						LastSwiftMigration = 1500;
					};
					8308EACD2D0D5262007DE7FB = {
						CreatedOnToolsVersion = 15.0;
					};
				};
			};
			buildConfigurationList = 8308EAC02D0D5262007DE7FB /* Build configuration list for PBXProject "swift-algorithms-data-structures" */;
			compatibilityVersion = "Xcode 14.0";
			developmentRegion = en;
			hasScannedForEncodings = 0;
			knownRegions = (
				en,
				Base,
			);
			mainGroup = 8308EABC2D0D5262007DE7FB;
			productRefGroup = 8308EAC72D0D5262007DE7FB /* Products */;
			projectDirPath = "";
			projectRoot = "";
			targets = (
				8308EAC52D0D5262007DE7FB /* swift-algorithms-data-structures */,
				8308EACD2D0D5262007DE7FB /* swift-algorithms-data-structuresTests */,
			);
		};
/* End PBXProject section */

/* Begin PBXResourcesBuildPhase section */
		8308EAC42D0D5262007DE7FB /* Resources */ = {
			isa = PBXResourcesBuildPhase;
			buildActionMask = 2147483647;
			files = (
			);
			runOnlyForDeploymentPostprocessing = 0;
		};
		8308EACC2D0D5262007DE7FB /* Resources */ = {
			isa = PBXResourcesBuildPhase;
			buildActionMask = 2147483647;
			files = (
			);
			runOnlyForDeploymentPostprocessing = 0;
		};
/* End PBXResourcesBuildPhase section */

/* Begin PBXSourcesBuildPhase section */
		8308EAC22D0D5262007DE7FB /* Sources */ = {
			isa = PBXSourcesBuildPhase;
			buildActionMask = 2147483647;
			files = (
				83BBD64C2D0D63AD007DD730 /* BinaryTrees.swift in Sources */,
				83AC74F92D13FF840070FFC1 /* Node.swift in Sources */,
				8308EADF2D0D5289007DE7FB /* Stack.swift in Sources */,
				830F31702D2638B70046A6C1 /* Array.swift in Sources */,
				83AC74F72D13FF570070FFC1 /* LinkedList.swift in Sources */,
				830F317E2D268B0F0046A6C1 /* MergeSortedArrays.swift in Sources */,
				83BBD6502D0DA250007DD730 /* BinarySearch.swift in Sources */,
				830F31782D26423E0046A6C1 /* ReverseString.swift in Sources */,
			);
			runOnlyForDeploymentPostprocessing = 0;
		};
		8308EACA2D0D5262007DE7FB /* Sources */ = {
			isa = PBXSourcesBuildPhase;
			buildActionMask = 2147483647;
			files = (
				83BBD64E2D0D63D2007DD730 /* BinaryTreeTest.swift in Sources */,
				83BBD6522D0DA4B6007DD730 /* BinarySearchTest.swift in Sources */,
				830F31802D268B1A0046A6C1 /* MergeSortedArraysTest.swift in Sources */,
				83AC74FB2D1401270070FFC1 /* LinkedListTest.swift in Sources */,
				830F317A2D26424D0046A6C1 /* ReverseStringTest.swift in Sources */,
				830F31722D2638C60046A6C1 /* ArrayTest.swift in Sources */,
				8308EAE12D0D529A007DE7FB /* StackTest.swift in Sources */,
			);
			runOnlyForDeploymentPostprocessing = 0;
		};
/* End PBXSourcesBuildPhase section */

/* Begin PBXTargetDependency section */
		8308EAD12D0D5262007DE7FB /* PBXTargetDependency */ = {
			isa = PBXTargetDependency;
			target = 8308EAC52D0D5262007DE7FB /* swift-algorithms-data-structures */;
			targetProxy = 8308EAD02D0D5262007DE7FB /* PBXContainerItemProxy */;
		};
/* End PBXTargetDependency section */

/* Begin XCBuildConfiguration section */
		8308EAD62D0D5262007DE7FB /* Debug */ = {
			isa = XCBuildConfiguration;
			buildSettings = {
				ALWAYS_SEARCH_USER_PATHS = NO;
				ASSETCATALOG_COMPILER_GENERATE_SWIFT_ASSET_SYMBOL_EXTENSIONS = YES;
				CLANG_ANALYZER_NONNULL = YES;
				CLANG_ANALYZER_NUMBER_OBJECT_CONVERSION = YES_AGGRESSIVE;
				CLANG_CXX_LANGUAGE_STANDARD = "gnu++20";
				CLANG_ENABLE_MODULES = YES;
				CLANG_ENABLE_OBJC_ARC = YES;
				CLANG_ENABLE_OBJC_WEAK = YES;
				CLANG_WARN_BLOCK_CAPTURE_AUTORELEASING = YES;
				CLANG_WARN_BOOL_CONVERSION = YES;
				CLANG_WARN_COMMA = YES;
				CLANG_WARN_CONSTANT_CONVERSION = YES;
				CLANG_WARN_DEPRECATED_OBJC_IMPLEMENTATIONS = YES;
				CLANG_WARN_DIRECT_OBJC_ISA_USAGE = YES_ERROR;
				CLANG_WARN_DOCUMENTATION_COMMENTS = YES;
				CLANG_WARN_EMPTY_BODY = YES;
				CLANG_WARN_ENUM_CONVERSION = YES;
				CLANG_WARN_INFINITE_RECURSION = YES;
				CLANG_WARN_INT_CONVERSION = YES;
				CLANG_WARN_NON_LITERAL_NULL_CONVERSION = YES;
				CLANG_WARN_OBJC_IMPLICIT_RETAIN_SELF = YES;
				CLANG_WARN_OBJC_LITERAL_CONVERSION = YES;
				CLANG_WARN_OBJC_ROOT_CLASS = YES_ERROR;
				CLANG_WARN_QUOTED_INCLUDE_IN_FRAMEWORK_HEADER = YES;
				CLANG_WARN_RANGE_LOOP_ANALYSIS = YES;
				CLANG_WARN_STRICT_PROTOTYPES = YES;
				CLANG_WARN_SUSPICIOUS_MOVE = YES;
				CLANG_WARN_UNGUARDED_AVAILABILITY = YES_AGGRESSIVE;
				CLANG_WARN_UNREACHABLE_CODE = YES;
				CLANG_WARN__DUPLICATE_METHOD_MATCH = YES;
				COPY_PHASE_STRIP = NO;
				CURRENT_PROJECT_VERSION = 1;
				DEBUG_INFORMATION_FORMAT = dwarf;
				ENABLE_STRICT_OBJC_MSGSEND = YES;
				ENABLE_TESTABILITY = YES;
				ENABLE_USER_SCRIPT_SANDBOXING = YES;
				GCC_C_LANGUAGE_STANDARD = gnu17;
				GCC_DYNAMIC_NO_PIC = NO;
				GCC_NO_COMMON_BLOCKS = YES;
				GCC_OPTIMIZATION_LEVEL = 0;
				GCC_PREPROCESSOR_DEFINITIONS = (
					"DEBUG=1",
					"$(inherited)",
				);
				GCC_WARN_64_TO_32_BIT_CONVERSION = YES;
				GCC_WARN_ABOUT_RETURN_TYPE = YES_ERROR;
				GCC_WARN_UNDECLARED_SELECTOR = YES;
				GCC_WARN_UNINITIALIZED_AUTOS = YES_AGGRESSIVE;
				GCC_WARN_UNUSED_FUNCTION = YES;
				GCC_WARN_UNUSED_VARIABLE = YES;
				LOCALIZATION_PREFERS_STRING_CATALOGS = YES;
				MACOSX_DEPLOYMENT_TARGET = 14.0;
				MTL_ENABLE_DEBUG_INFO = INCLUDE_SOURCE;
				MTL_FAST_MATH = YES;
				ONLY_ACTIVE_ARCH = YES;
				SDKROOT = macosx;
				SWIFT_ACTIVE_COMPILATION_CONDITIONS = "DEBUG $(inherited)";
				SWIFT_OPTIMIZATION_LEVEL = "-Onone";
				VERSIONING_SYSTEM = "apple-generic";
				VERSION_INFO_PREFIX = "";
			};
			name = Debug;
		};
		8308EAD72D0D5262007DE7FB /* Release */ = {
			isa = XCBuildConfiguration;
			buildSettings = {
				ALWAYS_SEARCH_USER_PATHS = NO;
				ASSETCATALOG_COMPILER_GENERATE_SWIFT_ASSET_SYMBOL_EXTENSIONS = YES;
				CLANG_ANALYZER_NONNULL = YES;
				CLANG_ANALYZER_NUMBER_OBJECT_CONVERSION = YES_AGGRESSIVE;
				CLANG_CXX_LANGUAGE_STANDARD = "gnu++20";
				CLANG_ENABLE_MODULES = YES;
				CLANG_ENABLE_OBJC_ARC = YES;
				CLANG_ENABLE_OBJC_WEAK = YES;
				CLANG_WARN_BLOCK_CAPTURE_AUTORELEASING = YES;
				CLANG_WARN_BOOL_CONVERSION = YES;
				CLANG_WARN_COMMA = YES;
				CLANG_WARN_CONSTANT_CONVERSION = YES;
				CLANG_WARN_DEPRECATED_OBJC_IMPLEMENTATIONS = YES;
				CLANG_WARN_DIRECT_OBJC_ISA_USAGE = YES_ERROR;
				CLANG_WARN_DOCUMENTATION_COMMENTS = YES;
				CLANG_WARN_EMPTY_BODY = YES;
				CLANG_WARN_ENUM_CONVERSION = YES;
				CLANG_WARN_INFINITE_RECURSION = YES;
				CLANG_WARN_INT_CONVERSION = YES;
				CLANG_WARN_NON_LITERAL_NULL_CONVERSION = YES;
				CLANG_WARN_OBJC_IMPLICIT_RETAIN_SELF = YES;
				CLANG_WARN_OBJC_LITERAL_CONVERSION = YES;
				CLANG_WARN_OBJC_ROOT_CLASS = YES_ERROR;
				CLANG_WARN_QUOTED_INCLUDE_IN_FRAMEWORK_HEADER = YES;
				CLANG_WARN_RANGE_LOOP_ANALYSIS = YES;
				CLANG_WARN_STRICT_PROTOTYPES = YES;
				CLANG_WARN_SUSPICIOUS_MOVE = YES;
				CLANG_WARN_UNGUARDED_AVAILABILITY = YES_AGGRESSIVE;
				CLANG_WARN_UNREACHABLE_CODE = YES;
				CLANG_WARN__DUPLICATE_METHOD_MATCH = YES;
				COPY_PHASE_STRIP = NO;
				CURRENT_PROJECT_VERSION = 1;
				DEBUG_INFORMATION_FORMAT = "dwarf-with-dsym";
				ENABLE_NS_ASSERTIONS = NO;
				ENABLE_STRICT_OBJC_MSGSEND = YES;
				ENABLE_USER_SCRIPT_SANDBOXING = YES;
				GCC_C_LANGUAGE_STANDARD = gnu17;
				GCC_NO_COMMON_BLOCKS = YES;
				GCC_WARN_64_TO_32_BIT_CONVERSION = YES;
				GCC_WARN_ABOUT_RETURN_TYPE = YES_ERROR;
				GCC_WARN_UNDECLARED_SELECTOR = YES;
				GCC_WARN_UNINITIALIZED_AUTOS = YES_AGGRESSIVE;
				GCC_WARN_UNUSED_FUNCTION = YES;
				GCC_WARN_UNUSED_VARIABLE = YES;
				LOCALIZATION_PREFERS_STRING_CATALOGS = YES;
				MACOSX_DEPLOYMENT_TARGET = 14.0;
				MTL_ENABLE_DEBUG_INFO = NO;
				MTL_FAST_MATH = YES;
				SDKROOT = macosx;
				SWIFT_COMPILATION_MODE = wholemodule;
				VERSIONING_SYSTEM = "apple-generic";
				VERSION_INFO_PREFIX = "";
			};
			name = Release;
		};
		8308EAD92D0D5262007DE7FB /* Debug */ = {
			isa = XCBuildConfiguration;
			buildSettings = {
				CLANG_ENABLE_MODULES = YES;
				CODE_SIGN_STYLE = Automatic;
				COMBINE_HIDPI_IMAGES = YES;
				CURRENT_PROJECT_VERSION = 1;
				DEFINES_MODULE = YES;
				DEVELOPMENT_TEAM = WZB5R9B92Y;
				DYLIB_COMPATIBILITY_VERSION = 1;
				DYLIB_CURRENT_VERSION = 1;
				DYLIB_INSTALL_NAME_BASE = "@rpath";
				ENABLE_MODULE_VERIFIER = YES;
				GENERATE_INFOPLIST_FILE = YES;
				INFOPLIST_KEY_NSHumanReadableCopyright = "";
				INSTALL_PATH = "$(LOCAL_LIBRARY_DIR)/Frameworks";
				LD_RUNPATH_SEARCH_PATHS = (
					"$(inherited)",
					"@executable_path/../Frameworks",
					"@loader_path/Frameworks",
				);
				MARKETING_VERSION = 1.0;
				MODULE_VERIFIER_SUPPORTED_LANGUAGES = "objective-c objective-c++";
				MODULE_VERIFIER_SUPPORTED_LANGUAGE_STANDARDS = "gnu17 gnu++20";
				PRODUCT_BUNDLE_IDENTIFIER = "co.id.aminfaruq.swift-algorithms-data-structures";
				PRODUCT_NAME = "$(TARGET_NAME:c99extidentifier)";
				SKIP_INSTALL = YES;
				SWIFT_EMIT_LOC_STRINGS = YES;
				SWIFT_OPTIMIZATION_LEVEL = "-Onone";
				SWIFT_VERSION = 5.0;
			};
			name = Debug;
		};
		8308EADA2D0D5262007DE7FB /* Release */ = {
			isa = XCBuildConfiguration;
			buildSettings = {
				CLANG_ENABLE_MODULES = YES;
				CODE_SIGN_STYLE = Automatic;
				COMBINE_HIDPI_IMAGES = YES;
				CURRENT_PROJECT_VERSION = 1;
				DEFINES_MODULE = YES;
				DEVELOPMENT_TEAM = WZB5R9B92Y;
				DYLIB_COMPATIBILITY_VERSION = 1;
				DYLIB_CURRENT_VERSION = 1;
				DYLIB_INSTALL_NAME_BASE = "@rpath";
				ENABLE_MODULE_VERIFIER = YES;
				GENERATE_INFOPLIST_FILE = YES;
				INFOPLIST_KEY_NSHumanReadableCopyright = "";
				INSTALL_PATH = "$(LOCAL_LIBRARY_DIR)/Frameworks";
				LD_RUNPATH_SEARCH_PATHS = (
					"$(inherited)",
					"@executable_path/../Frameworks",
					"@loader_path/Frameworks",
				);
				MARKETING_VERSION = 1.0;
				MODULE_VERIFIER_SUPPORTED_LANGUAGES = "objective-c objective-c++";
				MODULE_VERIFIER_SUPPORTED_LANGUAGE_STANDARDS = "gnu17 gnu++20";
				PRODUCT_BUNDLE_IDENTIFIER = "co.id.aminfaruq.swift-algorithms-data-structures";
				PRODUCT_NAME = "$(TARGET_NAME:c99extidentifier)";
				SKIP_INSTALL = YES;
				SWIFT_EMIT_LOC_STRINGS = YES;
				SWIFT_VERSION = 5.0;
			};
			name = Release;
		};
		8308EADC2D0D5262007DE7FB /* Debug */ = {
			isa = XCBuildConfiguration;
			buildSettings = {
				ALWAYS_EMBED_SWIFT_STANDARD_LIBRARIES = YES;
				CODE_SIGN_STYLE = Automatic;
				CURRENT_PROJECT_VERSION = 1;
				DEVELOPMENT_TEAM = WZB5R9B92Y;
				GENERATE_INFOPLIST_FILE = YES;
				MARKETING_VERSION = 1.0;
				PRODUCT_BUNDLE_IDENTIFIER = "co.id.aminfaruq.swift-algorithms-data-structuresTests";
				PRODUCT_NAME = "$(TARGET_NAME)";
				SWIFT_EMIT_LOC_STRINGS = NO;
				SWIFT_VERSION = 5.0;
			};
			name = Debug;
		};
		8308EADD2D0D5262007DE7FB /* Release */ = {
			isa = XCBuildConfiguration;
			buildSettings = {
				ALWAYS_EMBED_SWIFT_STANDARD_LIBRARIES = YES;
				CODE_SIGN_STYLE = Automatic;
				CURRENT_PROJECT_VERSION = 1;
				DEVELOPMENT_TEAM = WZB5R9B92Y;
				GENERATE_INFOPLIST_FILE = YES;
				MARKETING_VERSION = 1.0;
				PRODUCT_BUNDLE_IDENTIFIER = "co.id.aminfaruq.swift-algorithms-data-structuresTests";
				PRODUCT_NAME = "$(TARGET_NAME)";
				SWIFT_EMIT_LOC_STRINGS = NO;
				SWIFT_VERSION = 5.0;
			};
			name = Release;
		};
/* End XCBuildConfiguration section */

/* Begin XCConfigurationList section */
		8308EAC02D0D5262007DE7FB /* Build configuration list for PBXProject "swift-algorithms-data-structures" */ = {
			isa = XCConfigurationList;
			buildConfigurations = (
				8308EAD62D0D5262007DE7FB /* Debug */,
				8308EAD72D0D5262007DE7FB /* Release */,
			);
			defaultConfigurationIsVisible = 0;
			defaultConfigurationName = Release;
		};
		8308EAD82D0D5262007DE7FB /* Build configuration list for PBXNativeTarget "swift-algorithms-data-structures" */ = {
			isa = XCConfigurationList;
			buildConfigurations = (
				8308EAD92D0D5262007DE7FB /* Debug */,
				8308EADA2D0D5262007DE7FB /* Release */,
			);
			defaultConfigurationIsVisible = 0;
			defaultConfigurationName = Release;
		};
		8308EADB2D0D5262007DE7FB /* Build configuration list for PBXNativeTarget "swift-algorithms-data-structuresTests" */ = {
			isa = XCConfigurationList;
			buildConfigurations = (
				8308EADC2D0D5262007DE7FB /* Debug */,
				8308EADD2D0D5262007DE7FB /* Release */,
			);
			defaultConfigurationIsVisible = 0;
			defaultConfigurationName = Release;
		};
/* End XCConfigurationList section */
	};
	rootObject = 8308EABD2D0D5262007DE7FB /* Project object */;
}
